
Microsoft Visual Studio Solution File, Format Version 12.00
# Visual Studio Version 16
VisualStudioVersion = 16.0.35425.106
MinimumVisualStudioVersion = 10.0.40219.1
Project("{FAE04EC0-301F-11D3-BF4B-00C04F79EFBC}") = "tx2tx2", "tx2tx2\tx2tx2.csproj", "{5B994B26-98D1-4A35-AC92-01302AA5E987}"
EndProject
Global
	GlobalSection(SolutionConfigurationPlatforms) = preSolution
		Debug|Any CPU = Debug|Any CPU
		Release|Any CPU = Release|Any CPU
	EndGlobalSection
	GlobalSection(ProjectConfigurationPlatforms) = postSolution
		{5B994B26-98D1-4A35-AC92-01302AA5E987}.Debug|Any CPU.ActiveCfg = Debug|Any CPU
		{5B994B26-98D1-4A35-AC92-01302AA5E987}.Debug|Any CPU.Build.0 = Debug|Any CPU
		{5B994B26-98D1-4A35-AC92-01302AA5E987}.Release|Any CPU.ActiveCfg = Release|Any CPU
		{5B994B26-98D1-4A35-AC92-01302AA5E987}.Release|Any CPU.Build.0 = Release|Any CPU
	EndGlobalSection
	GlobalSection(SolutionProperties) = preSolution
		HideSolutionNode = FALSE
	EndGlobalSection
	GlobalSection(ExtensibilityGlobals) = postSolution
		SolutionGuid = {5AAC9F3A-2F16-4654-907D-614716546FA4}
	EndGlobalSection
EndGlobal
